
Microsoft Visual Studio Solution File, Format Version 12.00
# Visual Studio Version 16
VisualStudioVersion = 16.0.31112.23
MinimumVisualStudioVersion = 10.0.40219.1
Project("{FAE04EC0-301F-11D3-BF4B-00C04F79EFBC}") = "FixPhotoNames", "FixPhotoNames\FixPhotoNames.csproj", "{DCBF5EE1-BE65-4992-808D-1D791A6A52E9}"
EndProject
Global
	GlobalSection(SolutionConfigurationPlatforms) = preSolution
		Debug|Any CPU = Debug|Any CPU
		Release|Any CPU = Release|Any CPU
	EndGlobalSection
	GlobalSection(ProjectConfigurationPlatforms) = postSolution
		{DCBF5EE1-BE65-4992-808D-1D791A6A52E9}.Debug|Any CPU.ActiveCfg = Debug|Any CPU
		{DCBF5EE1-BE65-4992-808D-1D791A6A52E9}.Debug|Any CPU.Build.0 = Debug|Any CPU
		{DCBF5EE1-BE65-4992-808D-1D791A6A52E9}.Release|Any CPU.ActiveCfg = Release|Any CPU
		{DCBF5EE1-BE65-4992-808D-1D791A6A52E9}.Release|Any CPU.Build.0 = Release|Any CPU
	EndGlobalSection
	GlobalSection(SolutionProperties) = preSolution
		HideSolutionNode = FALSE
	EndGlobalSection
	GlobalSection(ExtensibilityGlobals) = postSolution
		SolutionGuid = {4974817A-43E0-4ABE-A4FD-231FED9EAA69}
	EndGlobalSection
EndGlobal
